
Microsoft Visual Studio Solution File, Format Version 12.00
# Visual Studio Version 16
VisualStudioVersion = 16.0.30804.86
MinimumVisualStudioVersion = 10.0.40219.1
Project("{FAE04EC0-301F-11D3-BF4B-00C04F79EFBC}") = "MyDictionarys", "MyDictionarys\MyDictionarys.csproj", "{DE23C882-4CA7-4F5A-8F32-66DC25F8567B}"
EndProject
Global
	GlobalSection(SolutionConfigurationPlatforms) = preSolution
		Debug|Any CPU = Debug|Any CPU
		Release|Any CPU = Release|Any CPU
	EndGlobalSection
	GlobalSection(ProjectConfigurationPlatforms) = postSolution
		{DE23C882-4CA7-4F5A-8F32-66DC25F8567B}.Debug|Any CPU.ActiveCfg = Debug|Any CPU
		{DE23C882-4CA7-4F5A-8F32-66DC25F8567B}.Debug|Any CPU.Build.0 = Debug|Any CPU
		{DE23C882-4CA7-4F5A-8F32-66DC25F8567B}.Release|Any CPU.ActiveCfg = Release|Any CPU
		{DE23C882-4CA7-4F5A-8F32-66DC25F8567B}.Release|Any CPU.Build.0 = Release|Any CPU
	EndGlobalSection
	GlobalSection(SolutionProperties) = preSolution
		HideSolutionNode = FALSE
	EndGlobalSection
	GlobalSection(ExtensibilityGlobals) = postSolution
		SolutionGuid = {E4D4E0D8-8A4F-468B-8FCA-C5160FCFD9BB}
	EndGlobalSection
EndGlobal
